// !$*UTF8*$!
{
	archiveVersion = 1;
	classes = {
	};
	objectVersion = 56;
	objects = {

/* Begin PBXBuildFile section */
		CA5BF88D2C2F4A17001E4CA9 /* NotebookApp.swift in Sources */ = {isa = PBXBuildFile; fileRef = CA5BF88C2C2F4A17001E4CA9 /* NotebookApp.swift */; };
		CA5BF88F2C2F4A17001E4CA9 /* ContentView.swift in Sources */ = {isa = PBXBuildFile; fileRef = CA5BF88E2C2F4A17001E4CA9 /* ContentView.swift */; };
		CA5BF8912C2F4A18001E4CA9 /* Assets.xcassets in Resources */ = {isa = PBXBuildFile; fileRef = CA5BF8902C2F4A18001E4CA9 /* Assets.xcassets */; };
		CA5BF8942C2F4A18001E4CA9 /* Preview Assets.xcassets in Resources */ = {isa = PBXBuildFile; fileRef = CA5BF8932C2F4A18001E4CA9 /* Preview Assets.xcassets */; };
		CA5BF89B2C2F4A4B001E4CA9 /* Note.swift in Sources */ = {isa = PBXBuildFile; fileRef = CA5BF89A2C2F4A4B001E4CA9 /* Note.swift */; };
		CA5BF89D2C2F4B51001E4CA9 /* NoteSummary.swift in Sources */ = {isa = PBXBuildFile; fileRef = CA5BF89C2C2F4B51001E4CA9 /* NoteSummary.swift */; };
		CA5BF89F2C2F4E3D001E4CA9 /* NoteDetail.swift in Sources */ = {isa = PBXBuildFile; fileRef = CA5BF89E2C2F4E3D001E4CA9 /* NoteDetail.swift */; };
		CA5BF8A12C2F6980001E4CA9 /* NotesList.swift in Sources */ = {isa = PBXBuildFile; fileRef = CA5BF8A02C2F6980001E4CA9 /* NotesList.swift */; };
		CA5C0F082C645ED100393EA7 /* NotebookContainer.swift in Sources */ = {isa = PBXBuildFile; fileRef = CA5C0F072C645ED100393EA7 /* NotebookContainer.swift */; };
		CA5C0F0A2C67E75700393EA7 /* Folder.swift in Sources */ = {isa = PBXBuildFile; fileRef = CA5C0F092C67E75700393EA7 /* Folder.swift */; };
		CA5C0F0C2C67EA1500393EA7 /* FolderSummary.swift in Sources */ = {isa = PBXBuildFile; fileRef = CA5C0F0B2C67EA1400393EA7 /* FolderSummary.swift */; };
/* End PBXBuildFile section */

/* Begin PBXFileReference section */
		CA5BF8892C2F4A17001E4CA9 /* Notebook.app */ = {isa = PBXFileReference; explicitFileType = wrapper.application; includeInIndex = 0; path = Notebook.app; sourceTree = BUILT_PRODUCTS_DIR; };
		CA5BF88C2C2F4A17001E4CA9 /* NotebookApp.swift */ = {isa = PBXFileReference; lastKnownFileType = sourcecode.swift; path = NotebookApp.swift; sourceTree = "<group>"; };
		CA5BF88E2C2F4A17001E4CA9 /* ContentView.swift */ = {isa = PBXFileReference; lastKnownFileType = sourcecode.swift; path = ContentView.swift; sourceTree = "<group>"; };
		CA5BF8902C2F4A18001E4CA9 /* Assets.xcassets */ = {isa = PBXFileReference; lastKnownFileType = folder.assetcatalog; path = Assets.xcassets; sourceTree = "<group>"; };
		CA5BF8932C2F4A18001E4CA9 /* Preview Assets.xcassets */ = {isa = PBXFileReference; lastKnownFileType = folder.assetcatalog; path = "Preview Assets.xcassets"; sourceTree = "<group>"; };
		CA5BF89A2C2F4A4B001E4CA9 /* Note.swift */ = {isa = PBXFileReference; lastKnownFileType = sourcecode.swift; path = Note.swift; sourceTree = "<group>"; };
		CA5BF89C2C2F4B51001E4CA9 /* NoteSummary.swift */ = {isa = PBXFileReference; lastKnownFileType = sourcecode.swift; path = NoteSummary.swift; sourceTree = "<group>"; };
		CA5BF89E2C2F4E3D001E4CA9 /* NoteDetail.swift */ = {isa = PBXFileReference; lastKnownFileType = sourcecode.swift; path = NoteDetail.swift; sourceTree = "<group>"; };
		CA5BF8A02C2F6980001E4CA9 /* NotesList.swift */ = {isa = PBXFileReference; lastKnownFileType = sourcecode.swift; path = NotesList.swift; sourceTree = "<group>"; };
		CA5C0F072C645ED100393EA7 /* NotebookContainer.swift */ = {isa = PBXFileReference; lastKnownFileType = sourcecode.swift; path = NotebookContainer.swift; sourceTree = "<group>"; };
		CA5C0F092C67E75700393EA7 /* Folder.swift */ = {isa = PBXFileReference; lastKnownFileType = sourcecode.swift; path = Folder.swift; sourceTree = "<group>"; };
		CA5C0F0B2C67EA1400393EA7 /* FolderSummary.swift */ = {isa = PBXFileReference; lastKnownFileType = sourcecode.swift; path = FolderSummary.swift; sourceTree = "<group>"; };
/* End PBXFileReference section */

/* Begin PBXFrameworksBuildPhase section */
		CA5BF8862C2F4A17001E4CA9 /* Frameworks */ = {
			isa = PBXFrameworksBuildPhase;
			buildActionMask = 2147483647;
			files = (
			);
			runOnlyForDeploymentPostprocessing = 0;
		};
/* End PBXFrameworksBuildPhase section */

/* Begin PBXGroup section */
		CA5BF8802C2F4A17001E4CA9 = {
			isa = PBXGroup;
			children = (
				CA5BF88B2C2F4A17001E4CA9 /* Notebook */,
				CA5BF88A2C2F4A17001E4CA9 /* Products */,
			);
			sourceTree = "<group>";
		};
		CA5BF88A2C2F4A17001E4CA9 /* Products */ = {
			isa = PBXGroup;
			children = (
				CA5BF8892C2F4A17001E4CA9 /* Notebook.app */,
			);
			name = Products;
			sourceTree = "<group>";
		};
		CA5BF88B2C2F4A17001E4CA9 /* Notebook */ = {
			isa = PBXGroup;
			children = (
				CA5C0F0B2C67EA1400393EA7 /* FolderSummary.swift */,
				CA5C0F092C67E75700393EA7 /* Folder.swift */,
				CA5BF88C2C2F4A17001E4CA9 /* NotebookApp.swift */,
				CA5BF88E2C2F4A17001E4CA9 /* ContentView.swift */,
				CA5BF8902C2F4A18001E4CA9 /* Assets.xcassets */,
				CA5BF8922C2F4A18001E4CA9 /* Preview Content */,
				CA5BF89A2C2F4A4B001E4CA9 /* Note.swift */,
				CA5BF89C2C2F4B51001E4CA9 /* NoteSummary.swift */,
				CA5BF89E2C2F4E3D001E4CA9 /* NoteDetail.swift */,
				CA5BF8A02C2F6980001E4CA9 /* NotesList.swift */,
				CA5C0F072C645ED100393EA7 /* NotebookContainer.swift */,
			);
			path = Notebook;
			sourceTree = "<group>";
		};
		CA5BF8922C2F4A18001E4CA9 /* Preview Content */ = {
			isa = PBXGroup;
			children = (
				CA5BF8932C2F4A18001E4CA9 /* Preview Assets.xcassets */,
			);
			path = "Preview Content";
			sourceTree = "<group>";
		};
/* End PBXGroup section */

/* Begin PBXNativeTarget section */
		CA5BF8882C2F4A17001E4CA9 /* Notebook */ = {
			isa = PBXNativeTarget;
			buildConfigurationList = CA5BF8972C2F4A18001E4CA9 /* Build configuration list for PBXNativeTarget "Notebook" */;
			buildPhases = (
				CA5BF8852C2F4A17001E4CA9 /* Sources */,
				CA5BF8862C2F4A17001E4CA9 /* Frameworks */,
				CA5BF8872C2F4A17001E4CA9 /* Resources */,
			);
			buildRules = (
			);
			dependencies = (
			);
			name = Notebook;
			productName = Notebook;
			productReference = CA5BF8892C2F4A17001E4CA9 /* Notebook.app */;
			productType = "com.apple.product-type.application";
		};
/* End PBXNativeTarget section */

/* Begin PBXProject section */
		CA5BF8812C2F4A17001E4CA9 /* Project object */ = {
			isa = PBXProject;
			attributes = {
				BuildIndependentTargetsInParallel = 1;
				LastSwiftUpdateCheck = 1520;
				LastUpgradeCheck = 1520;
				TargetAttributes = {
					CA5BF8882C2F4A17001E4CA9 = {
						CreatedOnToolsVersion = 15.2;
					};
				};
			};
			buildConfigurationList = CA5BF8842C2F4A17001E4CA9 /* Build configuration list for PBXProject "Notebook" */;
			compatibilityVersion = "Xcode 14.0";
			developmentRegion = en;
			hasScannedForEncodings = 0;
			knownRegions = (
				en,
				Base,
			);
			mainGroup = CA5BF8802C2F4A17001E4CA9;
			productRefGroup = CA5BF88A2C2F4A17001E4CA9 /* Products */;
			projectDirPath = "";
			projectRoot = "";
			targets = (
				CA5BF8882C2F4A17001E4CA9 /* Notebook */,
			);
		};
/* End PBXProject section */

/* Begin PBXResourcesBuildPhase section */
		CA5BF8872C2F4A17001E4CA9 /* Resources */ = {
			isa = PBXResourcesBuildPhase;
			buildActionMask = 2147483647;
			files = (
				CA5BF8942C2F4A18001E4CA9 /* Preview Assets.xcassets in Resources */,
				CA5BF8912C2F4A18001E4CA9 /* Assets.xcassets in Resources */,
			);
			runOnlyForDeploymentPostprocessing = 0;
		};
/* End PBXResourcesBuildPhase section */

/* Begin PBXSourcesBuildPhase section */
		CA5BF8852C2F4A17001E4CA9 /* Sources */ = {
			isa = PBXSourcesBuildPhase;
			buildActionMask = 2147483647;
			files = (
				CA5BF89D2C2F4B51001E4CA9 /* NoteSummary.swift in Sources */,
				CA5BF8A12C2F6980001E4CA9 /* NotesList.swift in Sources */,
				CA5BF88F2C2F4A17001E4CA9 /* ContentView.swift in Sources */,
				CA5C0F0A2C67E75700393EA7 /* Folder.swift in Sources */,
				CA5BF88D2C2F4A17001E4CA9 /* NotebookApp.swift in Sources */,
				CA5BF89B2C2F4A4B001E4CA9 /* Note.swift in Sources */,
				CA5BF89F2C2F4E3D001E4CA9 /* NoteDetail.swift in Sources */,
				CA5C0F082C645ED100393EA7 /* NotebookContainer.swift in Sources */,
				CA5C0F0C2C67EA1500393EA7 /* FolderSummary.swift in Sources */,
			);
			runOnlyForDeploymentPostprocessing = 0;
		};
/* End PBXSourcesBuildPhase section */

/* Begin XCBuildConfiguration section */
		CA5BF8952C2F4A18001E4CA9 /* Debug */ = {
			isa = XCBuildConfiguration;
			buildSettings = {
				ALWAYS_SEARCH_USER_PATHS = NO;
				ASSETCATALOG_COMPILER_GENERATE_SWIFT_ASSET_SYMBOL_EXTENSIONS = YES;
				CLANG_ANALYZER_NONNULL = YES;
				CLANG_ANALYZER_NUMBER_OBJECT_CONVERSION = YES_AGGRESSIVE;
				CLANG_CXX_LANGUAGE_STANDARD = "gnu++20";
				CLANG_ENABLE_MODULES = YES;
				CLANG_ENABLE_OBJC_ARC = YES;
				CLANG_ENABLE_OBJC_WEAK = YES;
				CLANG_WARN_BLOCK_CAPTURE_AUTORELEASING = YES;
				CLANG_WARN_BOOL_CONVERSION = YES;
				CLANG_WARN_COMMA = YES;
				CLANG_WARN_CONSTANT_CONVERSION = YES;
				CLANG_WARN_DEPRECATED_OBJC_IMPLEMENTATIONS = YES;
				CLANG_WARN_DIRECT_OBJC_ISA_USAGE = YES_ERROR;
				CLANG_WARN_DOCUMENTATION_COMMENTS = YES;
				CLANG_WARN_EMPTY_BODY = YES;
				CLANG_WARN_ENUM_CONVERSION = YES;
				CLANG_WARN_INFINITE_RECURSION = YES;
				CLANG_WARN_INT_CONVERSION = YES;
				CLANG_WARN_NON_LITERAL_NULL_CONVERSION = YES;
				CLANG_WARN_OBJC_IMPLICIT_RETAIN_SELF = YES;
				CLANG_WARN_OBJC_LITERAL_CONVERSION = YES;
				CLANG_WARN_OBJC_ROOT_CLASS = YES_ERROR;
				CLANG_WARN_QUOTED_INCLUDE_IN_FRAMEWORK_HEADER = YES;
				CLANG_WARN_RANGE_LOOP_ANALYSIS = YES;
				CLANG_WARN_STRICT_PROTOTYPES = YES;
				CLANG_WARN_SUSPICIOUS_MOVE = YES;
				CLANG_WARN_UNGUARDED_AVAILABILITY = YES_AGGRESSIVE;
				CLANG_WARN_UNREACHABLE_CODE = YES;
				CLANG_WARN__DUPLICATE_METHOD_MATCH = YES;
				COPY_PHASE_STRIP = NO;
				DEBUG_INFORMATION_FORMAT = dwarf;
				ENABLE_STRICT_OBJC_MSGSEND = YES;
				ENABLE_TESTABILITY = YES;
				ENABLE_USER_SCRIPT_SANDBOXING = YES;
				GCC_C_LANGUAGE_STANDARD = gnu17;
				GCC_DYNAMIC_NO_PIC = NO;
				GCC_NO_COMMON_BLOCKS = YES;
				GCC_OPTIMIZATION_LEVEL = 0;
				GCC_PREPROCESSOR_DEFINITIONS = (
					"DEBUG=1",
					"$(inherited)",
				);
				GCC_WARN_64_TO_32_BIT_CONVERSION = YES;
				GCC_WARN_ABOUT_RETURN_TYPE = YES_ERROR;
				GCC_WARN_UNDECLARED_SELECTOR = YES;
				GCC_WARN_UNINITIALIZED_AUTOS = YES_AGGRESSIVE;
				GCC_WARN_UNUSED_FUNCTION = YES;
				GCC_WARN_UNUSED_VARIABLE = YES;
				IPHONEOS_DEPLOYMENT_TARGET = 17.2;
				LOCALIZATION_PREFERS_STRING_CATALOGS = YES;
				MTL_ENABLE_DEBUG_INFO = INCLUDE_SOURCE;
				MTL_FAST_MATH = YES;
				ONLY_ACTIVE_ARCH = YES;
				SDKROOT = iphoneos;
				SWIFT_ACTIVE_COMPILATION_CONDITIONS = "DEBUG $(inherited)";
				SWIFT_OPTIMIZATION_LEVEL = "-Onone";
			};
			name = Debug;
		};
		CA5BF8962C2F4A18001E4CA9 /* Release */ = {
			isa = XCBuildConfiguration;
			buildSettings = {
				ALWAYS_SEARCH_USER_PATHS = NO;
				ASSETCATALOG_COMPILER_GENERATE_SWIFT_ASSET_SYMBOL_EXTENSIONS = YES;
				CLANG_ANALYZER_NONNULL = YES;
				CLANG_ANALYZER_NUMBER_OBJECT_CONVERSION = YES_AGGRESSIVE;
				CLANG_CXX_LANGUAGE_STANDARD = "gnu++20";
				CLANG_ENABLE_MODULES = YES;
				CLANG_ENABLE_OBJC_ARC = YES;
				CLANG_ENABLE_OBJC_WEAK = YES;
				CLANG_WARN_BLOCK_CAPTURE_AUTORELEASING = YES;
				CLANG_WARN_BOOL_CONVERSION = YES;
				CLANG_WARN_COMMA = YES;
				CLANG_WARN_CONSTANT_CONVERSION = YES;
				CLANG_WARN_DEPRECATED_OBJC_IMPLEMENTATIONS = YES;
				CLANG_WARN_DIRECT_OBJC_ISA_USAGE = YES_ERROR;
				CLANG_WARN_DOCUMENTATION_COMMENTS = YES;
				CLANG_WARN_EMPTY_BODY = YES;
				CLANG_WARN_ENUM_CONVERSION = YES;
				CLANG_WARN_INFINITE_RECURSION = YES;
				CLANG_WARN_INT_CONVERSION = YES;
				CLANG_WARN_NON_LITERAL_NULL_CONVERSION = YES;
				CLANG_WARN_OBJC_IMPLICIT_RETAIN_SELF = YES;
				CLANG_WARN_OBJC_LITERAL_CONVERSION = YES;
				CLANG_WARN_OBJC_ROOT_CLASS = YES_ERROR;
				CLANG_WARN_QUOTED_INCLUDE_IN_FRAMEWORK_HEADER = YES;
				CLANG_WARN_RANGE_LOOP_ANALYSIS = YES;
				CLANG_WARN_STRICT_PROTOTYPES = YES;
				CLANG_WARN_SUSPICIOUS_MOVE = YES;
				CLANG_WARN_UNGUARDED_AVAILABILITY = YES_AGGRESSIVE;
				CLANG_WARN_UNREACHABLE_CODE = YES;
				CLANG_WARN__DUPLICATE_METHOD_MATCH = YES;
				COPY_PHASE_STRIP = NO;
				DEBUG_INFORMATION_FORMAT = "dwarf-with-dsym";
				ENABLE_NS_ASSERTIONS = NO;
				ENABLE_STRICT_OBJC_MSGSEND = YES;
				ENABLE_USER_SCRIPT_SANDBOXING = YES;
				GCC_C_LANGUAGE_STANDARD = gnu17;
				GCC_NO_COMMON_BLOCKS = YES;
				GCC_WARN_64_TO_32_BIT_CONVERSION = YES;
				GCC_WARN_ABOUT_RETURN_TYPE = YES_ERROR;
				GCC_WARN_UNDECLARED_SELECTOR = YES;
				GCC_WARN_UNINITIALIZED_AUTOS = YES_AGGRESSIVE;
				GCC_WARN_UNUSED_FUNCTION = YES;
				GCC_WARN_UNUSED_VARIABLE = YES;
				IPHONEOS_DEPLOYMENT_TARGET = 17.2;
				LOCALIZATION_PREFERS_STRING_CATALOGS = YES;
				MTL_ENABLE_DEBUG_INFO = NO;
				MTL_FAST_MATH = YES;
				SDKROOT = iphoneos;
				SWIFT_COMPILATION_MODE = wholemodule;
				VALIDATE_PRODUCT = YES;
			};
			name = Release;
		};
		CA5BF8982C2F4A18001E4CA9 /* Debug */ = {
			isa = XCBuildConfiguration;
			buildSettings = {
				ASSETCATALOG_COMPILER_APPICON_NAME = AppIcon;
				ASSETCATALOG_COMPILER_GLOBAL_ACCENT_COLOR_NAME = AccentColor;
				CODE_SIGN_STYLE = Automatic;
				CURRENT_PROJECT_VERSION = 1;
				DEVELOPMENT_ASSET_PATHS = "\"Notebook/Preview Content\"";
				DEVELOPMENT_TEAM = M54A7BX79B;
				ENABLE_PREVIEWS = YES;
				GENERATE_INFOPLIST_FILE = YES;
				INFOPLIST_KEY_UIApplicationSceneManifest_Generation = YES;
				INFOPLIST_KEY_UIApplicationSupportsIndirectInputEvents = YES;
				INFOPLIST_KEY_UILaunchScreen_Generation = YES;
				INFOPLIST_KEY_UISupportedInterfaceOrientations_iPad = "UIInterfaceOrientationPortrait UIInterfaceOrientationPortraitUpsideDown UIInterfaceOrientationLandscapeLeft UIInterfaceOrientationLandscapeRight";
				INFOPLIST_KEY_UISupportedInterfaceOrientations_iPhone = "UIInterfaceOrientationPortrait UIInterfaceOrientationLandscapeLeft UIInterfaceOrientationLandscapeRight";
				LD_RUNPATH_SEARCH_PATHS = (
					"$(inherited)",
					"@executable_path/Frameworks",
				);
				MARKETING_VERSION = 1.0;
				PRODUCT_BUNDLE_IDENTIFIER = com.bohdankachenko.Notebook;
				PRODUCT_NAME = "$(TARGET_NAME)";
				SWIFT_EMIT_LOC_STRINGS = YES;
				SWIFT_VERSION = 5.0;
				TARGETED_DEVICE_FAMILY = "1,2";
			};
			name = Debug;
		};
		CA5BF8992C2F4A18001E4CA9 /* Release */ = {
			isa = XCBuildConfiguration;
			buildSettings = {
				ASSETCATALOG_COMPILER_APPICON_NAME = AppIcon;
				ASSETCATALOG_COMPILER_GLOBAL_ACCENT_COLOR_NAME = AccentColor;
				CODE_SIGN_STYLE = Automatic;
				CURRENT_PROJECT_VERSION = 1;
				DEVELOPMENT_ASSET_PATHS = "\"Notebook/Preview Content\"";
				DEVELOPMENT_TEAM = M54A7BX79B;
				ENABLE_PREVIEWS = YES;
				GENERATE_INFOPLIST_FILE = YES;
				INFOPLIST_KEY_UIApplicationSceneManifest_Generation = YES;
				INFOPLIST_KEY_UIApplicationSupportsIndirectInputEvents = YES;
				INFOPLIST_KEY_UILaunchScreen_Generation = YES;
				INFOPLIST_KEY_UISupportedInterfaceOrientations_iPad = "UIInterfaceOrientationPortrait UIInterfaceOrientationPortraitUpsideDown UIInterfaceOrientationLandscapeLeft UIInterfaceOrientationLandscapeRight";
				INFOPLIST_KEY_UISupportedInterfaceOrientations_iPhone = "UIInterfaceOrientationPortrait UIInterfaceOrientationLandscapeLeft UIInterfaceOrientationLandscapeRight";
				LD_RUNPATH_SEARCH_PATHS = (
					"$(inherited)",
					"@executable_path/Frameworks",
				);
				MARKETING_VERSION = 1.0;
				PRODUCT_BUNDLE_IDENTIFIER = com.bohdankachenko.Notebook;
				PRODUCT_NAME = "$(TARGET_NAME)";
				SWIFT_EMIT_LOC_STRINGS = YES;
				SWIFT_VERSION = 5.0;
				TARGETED_DEVICE_FAMILY = "1,2";
			};
			name = Release;
		};
/* End XCBuildConfiguration section */

/* Begin XCConfigurationList section */
		CA5BF8842C2F4A17001E4CA9 /* Build configuration list for PBXProject "Notebook" */ = {
			isa = XCConfigurationList;
			buildConfigurations = (
				CA5BF8952C2F4A18001E4CA9 /* Debug */,
				CA5BF8962C2F4A18001E4CA9 /* Release */,
			);
			defaultConfigurationIsVisible = 0;
			defaultConfigurationName = Release;
		};
		CA5BF8972C2F4A18001E4CA9 /* Build configuration list for PBXNativeTarget "Notebook" */ = {
			isa = XCConfigurationList;
			buildConfigurations = (
				CA5BF8982C2F4A18001E4CA9 /* Debug */,
				CA5BF8992C2F4A18001E4CA9 /* Release */,
			);
			defaultConfigurationIsVisible = 0;
			defaultConfigurationName = Release;
		};
/* End XCConfigurationList section */
	};
	rootObject = CA5BF8812C2F4A17001E4CA9 /* Project object */;
}
